
Microsoft Visual Studio Solution File, Format Version 12.00
# Visual Studio Version 16
VisualStudioVersion = 25.0.1706.9
MinimumVisualStudioVersion = 10.0.40219.1
Project("{FAE04EC0-301F-11D3-BF4B-00C04F79EFBC}") = "BookWeb", "BookWeb\BookWeb.csproj", "{0B87DCFF-9ADF-4B8F-ACEA-C2E6C6BCE4AD}"
EndProject
Global
	GlobalSection(SolutionConfigurationPlatforms) = preSolution
		Debug|Any CPU = Debug|Any CPU
		Release|Any CPU = Release|Any CPU
	EndGlobalSection
	GlobalSection(ProjectConfigurationPlatforms) = postSolution
		{0B87DCFF-9ADF-4B8F-ACEA-C2E6C6BCE4AD}.Debug|Any CPU.ActiveCfg = Debug|Any CPU
		{0B87DCFF-9ADF-4B8F-ACEA-C2E6C6BCE4AD}.Debug|Any CPU.Build.0 = Debug|Any CPU
		{0B87DCFF-9ADF-4B8F-ACEA-C2E6C6BCE4AD}.Release|Any CPU.ActiveCfg = Release|Any CPU
		{0B87DCFF-9ADF-4B8F-ACEA-C2E6C6BCE4AD}.Release|Any CPU.Build.0 = Release|Any CPU
	EndGlobalSection
	GlobalSection(SolutionProperties) = preSolution
		HideSolutionNode = FALSE
	EndGlobalSection
	GlobalSection(ExtensibilityGlobals) = postSolution
		SolutionGuid = {9849C3F3-0DAA-4F95-9736-C98E26B55D7E}
	EndGlobalSection
EndGlobal
