
Microsoft Visual Studio Solution File, Format Version 12.00
# Visual Studio Version 17
VisualStudioVersion = 17.10.34607.79
MinimumVisualStudioVersion = 10.0.40219.1
Project("{9A19103F-16F7-4668-BE54-9A1E7A4F7556}") = "BookWeb", "BookWeb\BookWeb.csproj", "{0B87DCFF-9ADF-4B8F-ACEA-C2E6C6BCE4AD}"
EndProject
Project("{FAE04EC0-301F-11D3-BF4B-00C04F79EFBC}") = "BookWebRazor_Temp", "BookWebRazor_Temp\BookWebRazor_Temp.csproj", "{DE30FF7A-5E25-4BA4-B71D-B786FFA02020}"
EndProject
Project("{FAE04EC0-301F-11D3-BF4B-00C04F79EFBC}") = "Book.DataAccess", "Book.DataAccess\Book.DataAccess.csproj", "{3C94EECB-9631-4355-8715-AC39594854F6}"
EndProject
Project("{FAE04EC0-301F-11D3-BF4B-00C04F79EFBC}") = "Book.Utility", "Book.Utility\Book.Utility.csproj", "{39AFA7AF-53ED-4CB2-8E13-06A15D719570}"
EndProject
Project("{FAE04EC0-301F-11D3-BF4B-00C04F79EFBC}") = "Book.Models", "Book.Models\Book.Models.csproj", "{C06B3E38-BF47-46F4-8716-A557AE0767F7}"
EndProject
Global
	GlobalSection(SolutionConfigurationPlatforms) = preSolution
		Debug|Any CPU = Debug|Any CPU
		Release|Any CPU = Release|Any CPU
	EndGlobalSection
	GlobalSection(ProjectConfigurationPlatforms) = postSolution
		{0B87DCFF-9ADF-4B8F-ACEA-C2E6C6BCE4AD}.Debug|Any CPU.ActiveCfg = Debug|Any CPU
		{0B87DCFF-9ADF-4B8F-ACEA-C2E6C6BCE4AD}.Debug|Any CPU.Build.0 = Debug|Any CPU
		{0B87DCFF-9ADF-4B8F-ACEA-C2E6C6BCE4AD}.Release|Any CPU.ActiveCfg = Release|Any CPU
		{0B87DCFF-9ADF-4B8F-ACEA-C2E6C6BCE4AD}.Release|Any CPU.Build.0 = Release|Any CPU
		{DE30FF7A-5E25-4BA4-B71D-B786FFA02020}.Debug|Any CPU.ActiveCfg = Debug|Any CPU
		{DE30FF7A-5E25-4BA4-B71D-B786FFA02020}.Debug|Any CPU.Build.0 = Debug|Any CPU
		{DE30FF7A-5E25-4BA4-B71D-B786FFA02020}.Release|Any CPU.ActiveCfg = Release|Any CPU
		{DE30FF7A-5E25-4BA4-B71D-B786FFA02020}.Release|Any CPU.Build.0 = Release|Any CPU
		{3C94EECB-9631-4355-8715-AC39594854F6}.Debug|Any CPU.ActiveCfg = Debug|Any CPU
		{3C94EECB-9631-4355-8715-AC39594854F6}.Debug|Any CPU.Build.0 = Debug|Any CPU
		{3C94EECB-9631-4355-8715-AC39594854F6}.Release|Any CPU.ActiveCfg = Release|Any CPU
		{3C94EECB-9631-4355-8715-AC39594854F6}.Release|Any CPU.Build.0 = Release|Any CPU
		{39AFA7AF-53ED-4CB2-8E13-06A15D719570}.Debug|Any CPU.ActiveCfg = Debug|Any CPU
		{39AFA7AF-53ED-4CB2-8E13-06A15D719570}.Debug|Any CPU.Build.0 = Debug|Any CPU
		{39AFA7AF-53ED-4CB2-8E13-06A15D719570}.Release|Any CPU.ActiveCfg = Release|Any CPU
		{39AFA7AF-53ED-4CB2-8E13-06A15D719570}.Release|Any CPU.Build.0 = Release|Any CPU
		{C06B3E38-BF47-46F4-8716-A557AE0767F7}.Debug|Any CPU.ActiveCfg = Debug|Any CPU
		{C06B3E38-BF47-46F4-8716-A557AE0767F7}.Debug|Any CPU.Build.0 = Debug|Any CPU
		{C06B3E38-BF47-46F4-8716-A557AE0767F7}.Release|Any CPU.ActiveCfg = Release|Any CPU
		{C06B3E38-BF47-46F4-8716-A557AE0767F7}.Release|Any CPU.Build.0 = Release|Any CPU
	EndGlobalSection
	GlobalSection(SolutionProperties) = preSolution
		HideSolutionNode = FALSE
	EndGlobalSection
	GlobalSection(ExtensibilityGlobals) = postSolution
		SolutionGuid = {9849C3F3-0DAA-4F95-9736-C98E26B55D7E}
	EndGlobalSection
EndGlobal
